
Microsoft Visual Studio Solution File, Format Version 12.00
# Visual Studio Version 17
VisualStudioVersion = 17.10.35004.147
MinimumVisualStudioVersion = 10.0.40219.1
Project("{9A19103F-16F7-4668-BE54-9A1E7A4F7556}") = "ProxyServer", "ProxyServer\ProxyServer.csproj", "{730DBC88-7B76-438F-A42F-0F8AFE423CF5}"
EndProject
Project("{E53339B2-1760-4266-BCC7-CA923CBCF16C}") = "docker-compose", "docker-compose.dcproj", "{BC46605E-F85A-428C-93A5-DC2D104C3F84}"
EndProject
Global
	GlobalSection(SolutionConfigurationPlatforms) = preSolution
		Debug|Any CPU = Debug|Any CPU
		Release|Any CPU = Release|Any CPU
	EndGlobalSection
	GlobalSection(ProjectConfigurationPlatforms) = postSolution
		{730DBC88-7B76-438F-A42F-0F8AFE423CF5}.Debug|Any CPU.ActiveCfg = Debug|Any CPU
		{730DBC88-7B76-438F-A42F-0F8AFE423CF5}.Debug|Any CPU.Build.0 = Debug|Any CPU
		{730DBC88-7B76-438F-A42F-0F8AFE423CF5}.Release|Any CPU.ActiveCfg = Release|Any CPU
		{730DBC88-7B76-438F-A42F-0F8AFE423CF5}.Release|Any CPU.Build.0 = Release|Any CPU
		{BC46605E-F85A-428C-93A5-DC2D104C3F84}.Debug|Any CPU.ActiveCfg = Debug|Any CPU
		{BC46605E-F85A-428C-93A5-DC2D104C3F84}.Debug|Any CPU.Build.0 = Debug|Any CPU
		{BC46605E-F85A-428C-93A5-DC2D104C3F84}.Release|Any CPU.ActiveCfg = Release|Any CPU
		{BC46605E-F85A-428C-93A5-DC2D104C3F84}.Release|Any CPU.Build.0 = Release|Any CPU
	EndGlobalSection
	GlobalSection(SolutionProperties) = preSolution
		HideSolutionNode = FALSE
	EndGlobalSection
	GlobalSection(ExtensibilityGlobals) = postSolution
		SolutionGuid = {615BE8C2-01E9-407D-B55B-F3917C7771BF}
	EndGlobalSection
EndGlobal
